// !$*UTF8*$!
{
	archiveVersion = 1;
	classes = {
	};
	objectVersion = 70;
	objects = {

/* Begin PBXBuildFile section */
		5271F35E2EEA5FDD00A0B4B5 /* IslandStateManager.swift in Sources */ = {isa = PBXBuildFile; fileRef = 5271F35D2EEA5FDD00A0B4B5 /* IslandStateManager.swift */; };
		5271F3622EEA601100A0B4B5 /* SkeletonMessageBubble.swift in Sources */ = {isa = PBXBuildFile; fileRef = 5271F3602EEA601100A0B4B5 /* SkeletonMessageBubble.swift */; };
		5271F3632EEA601100A0B4B5 /* SkeletonChatInput.swift in Sources */ = {isa = PBXBuildFile; fileRef = 5271F35F2EEA601100A0B4B5 /* SkeletonChatInput.swift */; };
		5271F3652EEA69BD00A0B4B5 /* SettingView.swift in Sources */ = {isa = PBXBuildFile; fileRef = 5271F3642EEA69BD00A0B4B5 /* SettingView.swift */; };
		5271F3672EEA70BF00A0B4B5 /* SettingWindowController.swift in Sources */ = {isa = PBXBuildFile; fileRef = 5271F3662EEA70B200A0B4B5 /* SettingWindowController.swift */; };
		5271F36D2EEA7D6700A0B4B5 /* SettingSidebar.swift in Sources */ = {isa = PBXBuildFile; fileRef = 5271F36C2EEA7D6700A0B4B5 /* SettingSidebar.swift */; };
		5271F36F2EEA7F8A00A0B4B5 /* AppearanceSettingView.swift in Sources */ = {isa = PBXBuildFile; fileRef = 5271F36E2EEA7F8A00A0B4B5 /* AppearanceSettingView.swift */; };
		5271F3712EEA82EC00A0B4B5 /* GeneralSettingView.swift in Sources */ = {isa = PBXBuildFile; fileRef = 5271F3702EEA82E900A0B4B5 /* GeneralSettingView.swift */; };
		5271F3732EEA82F600A0B4B5 /* NotificationsSettingView.swift in Sources */ = {isa = PBXBuildFile; fileRef = 5271F3722EEA82F300A0B4B5 /* NotificationsSettingView.swift */; };
		5271F3752EEA830100A0B4B5 /* AdvancedSettingView.swift in Sources */ = {isa = PBXBuildFile; fileRef = 5271F3742EEA82FD00A0B4B5 /* AdvancedSettingView.swift */; };
		5271F3772EEA830E00A0B4B5 /* AboutSettingView.swift in Sources */ = {isa = PBXBuildFile; fileRef = 5271F3762EEA830A00A0B4B5 /* AboutSettingView.swift */; };
		528EA6022EE140D500C37845 /* ChatStorageManager.swift in Sources */ = {isa = PBXBuildFile; fileRef = 528EA6012EE140D500C37845 /* ChatStorageManager.swift */; };
		528EA6052EE17FA700C37845 /* KeybindHook.swift in Sources */ = {isa = PBXBuildFile; fileRef = 528EA6042EE17FA700C37845 /* KeybindHook.swift */; };
		52A0B33B2EDD318A0094E9F1 /* MaxIslandApp.swift in Sources */ = {isa = PBXBuildFile; fileRef = 52A0B33A2EDD318A0094E9F1 /* MaxIslandApp.swift */; };
		52A0B33D2EDD318A0094E9F1 /* ContentView.swift in Sources */ = {isa = PBXBuildFile; fileRef = 52A0B33C2EDD318A0094E9F1 /* ContentView.swift */; };
		52A0B33F2EDD318C0094E9F1 /* Assets.xcassets in Resources */ = {isa = PBXBuildFile; fileRef = 52A0B33E2EDD318C0094E9F1 /* Assets.xcassets */; };
		52A0B3422EDD318C0094E9F1 /* Preview Assets.xcassets in Resources */ = {isa = PBXBuildFile; fileRef = 52A0B3412EDD318C0094E9F1 /* Preview Assets.xcassets */; };
		52A0B34D2EDD318C0094E9F1 /* MaxIslandTests.swift in Sources */ = {isa = PBXBuildFile; fileRef = 52A0B34C2EDD318C0094E9F1 /* MaxIslandTests.swift */; };
		52A0B3572EDD318C0094E9F1 /* MaxIslandUITests.swift in Sources */ = {isa = PBXBuildFile; fileRef = 52A0B3562EDD318C0094E9F1 /* MaxIslandUITests.swift */; };
		52A0B3592EDD318C0094E9F1 /* MaxIslandUITestsLaunchTests.swift in Sources */ = {isa = PBXBuildFile; fileRef = 52A0B3582EDD318C0094E9F1 /* MaxIslandUITestsLaunchTests.swift */; };
		52A0B36C2EDD33CE0094E9F1 /* IslandContent.swift in Sources */ = {isa = PBXBuildFile; fileRef = 52A0B36B2EDD33CE0094E9F1 /* IslandContent.swift */; };
		52A932DA2EDD39D500E4DE14 /* CompactView.swift in Sources */ = {isa = PBXBuildFile; fileRef = 52A932D92EDD39D500E4DE14 /* CompactView.swift */; };
		52A932DC2EDD39EA00E4DE14 /* ExpandedView.swift in Sources */ = {isa = PBXBuildFile; fileRef = 52A932DB2EDD39EA00E4DE14 /* ExpandedView.swift */; };
		52A932E02EDD3AE100E4DE14 /* DynamicIsland.swift in Sources */ = {isa = PBXBuildFile; fileRef = 52A932DF2EDD3AE100E4DE14 /* DynamicIsland.swift */; };
		52A932E22EDD3CA600E4DE14 /* NotchWindowController.swift in Sources */ = {isa = PBXBuildFile; fileRef = 52A932E12EDD3CA600E4DE14 /* NotchWindowController.swift */; };
		52A932E72EDDA9ED00E4DE14 /* ChatMessage.swift in Sources */ = {isa = PBXBuildFile; fileRef = 52A932E62EDDA9ED00E4DE14 /* ChatMessage.swift */; };
		52A932E92EDE844100E4DE14 /* ChatInput.swift in Sources */ = {isa = PBXBuildFile; fileRef = 52A932E82EDE844100E4DE14 /* ChatInput.swift */; };
		52A932EB2EDE943F00E4DE14 /* NotchShape.swift in Sources */ = {isa = PBXBuildFile; fileRef = 52A932EA2EDE943F00E4DE14 /* NotchShape.swift */; };
		52A932ED2EDED01C00E4DE14 /* Config.swift .swift in Sources */ = {isa = PBXBuildFile; fileRef = 52A932EC2EDED01C00E4DE14 /* Config.swift .swift */; };
		52A932EF2EDED31600E4DE14 /* ChatApiService.swift in Sources */ = {isa = PBXBuildFile; fileRef = 52A932EE2EDED31600E4DE14 /* ChatApiService.swift */; };
		52A932F12EDED34E00E4DE14 /* ChatModel.swift in Sources */ = {isa = PBXBuildFile; fileRef = 52A932F02EDED34E00E4DE14 /* ChatModel.swift */; };
		52A932F32EDED3A700E4DE14 /* ChatViewModel.swift in Sources */ = {isa = PBXBuildFile; fileRef = 52A932F22EDED3A700E4DE14 /* ChatViewModel.swift */; };
		52A932F52EDED3D300E4DE14 /* MessageBubble.swift in Sources */ = {isa = PBXBuildFile; fileRef = 52A932F42EDED3D300E4DE14 /* MessageBubble.swift */; };
		52A932F72EDED40300E4DE14 /* ErrorView.swift in Sources */ = {isa = PBXBuildFile; fileRef = 52A932F62EDED40300E4DE14 /* ErrorView.swift */; };
		52A932F92EDED41A00E4DE14 /* LoadingView.swift  .swift in Sources */ = {isa = PBXBuildFile; fileRef = 52A932F82EDED41A00E4DE14 /* LoadingView.swift  .swift */; };
		52A932FD2EDEF73800E4DE14 /* MarkdownUI in Frameworks */ = {isa = PBXBuildFile; productRef = 52A932FC2EDEF73800E4DE14 /* MarkdownUI */; };
		69E8E7192EE69FFA005280B4 /* ThemeManager.swift in Sources */ = {isa = PBXBuildFile; fileRef = 69E8E7182EE69FFA005280B4 /* ThemeManager.swift */; };
/* End PBXBuildFile section */

/* Begin PBXContainerItemProxy section */
		52A0B3492EDD318C0094E9F1 /* PBXContainerItemProxy */ = {
			isa = PBXContainerItemProxy;
			containerPortal = 52A0B32F2EDD318A0094E9F1 /* Project object */;
			proxyType = 1;
			remoteGlobalIDString = 52A0B3362EDD318A0094E9F1;
			remoteInfo = MaxIsland;
		};
		52A0B3532EDD318C0094E9F1 /* PBXContainerItemProxy */ = {
			isa = PBXContainerItemProxy;
			containerPortal = 52A0B32F2EDD318A0094E9F1 /* Project object */;
			proxyType = 1;
			remoteGlobalIDString = 52A0B3362EDD318A0094E9F1;
			remoteInfo = MaxIsland;
		};
/* End PBXContainerItemProxy section */

/* Begin PBXFileReference section */
		5271F35D2EEA5FDD00A0B4B5 /* IslandStateManager.swift */ = {isa = PBXFileReference; lastKnownFileType = sourcecode.swift; path = IslandStateManager.swift; sourceTree = "<group>"; };
		5271F35F2EEA601100A0B4B5 /* SkeletonChatInput.swift */ = {isa = PBXFileReference; lastKnownFileType = sourcecode.swift; path = SkeletonChatInput.swift; sourceTree = "<group>"; };
		5271F3602EEA601100A0B4B5 /* SkeletonMessageBubble.swift */ = {isa = PBXFileReference; lastKnownFileType = sourcecode.swift; path = SkeletonMessageBubble.swift; sourceTree = "<group>"; };
		5271F3642EEA69BD00A0B4B5 /* SettingView.swift */ = {isa = PBXFileReference; lastKnownFileType = sourcecode.swift; path = SettingView.swift; sourceTree = "<group>"; };
		5271F3662EEA70B200A0B4B5 /* SettingWindowController.swift */ = {isa = PBXFileReference; lastKnownFileType = sourcecode.swift; path = SettingWindowController.swift; sourceTree = "<group>"; };
		5271F36C2EEA7D6700A0B4B5 /* SettingSidebar.swift */ = {isa = PBXFileReference; lastKnownFileType = sourcecode.swift; path = SettingSidebar.swift; sourceTree = "<group>"; };
		5271F36E2EEA7F8A00A0B4B5 /* AppearanceSettingView.swift */ = {isa = PBXFileReference; lastKnownFileType = sourcecode.swift; path = AppearanceSettingView.swift; sourceTree = "<group>"; };
		5271F3702EEA82E900A0B4B5 /* GeneralSettingView.swift */ = {isa = PBXFileReference; lastKnownFileType = sourcecode.swift; path = GeneralSettingView.swift; sourceTree = "<group>"; };
		5271F3722EEA82F300A0B4B5 /* NotificationsSettingView.swift */ = {isa = PBXFileReference; lastKnownFileType = sourcecode.swift; path = NotificationsSettingView.swift; sourceTree = "<group>"; };
		5271F3742EEA82FD00A0B4B5 /* AdvancedSettingView.swift */ = {isa = PBXFileReference; lastKnownFileType = sourcecode.swift; path = AdvancedSettingView.swift; sourceTree = "<group>"; };
		5271F3762EEA830A00A0B4B5 /* AboutSettingView.swift */ = {isa = PBXFileReference; lastKnownFileType = sourcecode.swift; path = AboutSettingView.swift; sourceTree = "<group>"; };
		528EA6012EE140D500C37845 /* ChatStorageManager.swift */ = {isa = PBXFileReference; lastKnownFileType = sourcecode.swift; path = ChatStorageManager.swift; sourceTree = "<group>"; };
		528EA6042EE17FA700C37845 /* KeybindHook.swift */ = {isa = PBXFileReference; lastKnownFileType = sourcecode.swift; path = KeybindHook.swift; sourceTree = "<group>"; };
		52A0B3372EDD318A0094E9F1 /* MaxIsland.app */ = {isa = PBXFileReference; explicitFileType = wrapper.application; includeInIndex = 0; path = MaxIsland.app; sourceTree = BUILT_PRODUCTS_DIR; };
		52A0B33A2EDD318A0094E9F1 /* MaxIslandApp.swift */ = {isa = PBXFileReference; lastKnownFileType = sourcecode.swift; path = MaxIslandApp.swift; sourceTree = "<group>"; };
		52A0B33C2EDD318A0094E9F1 /* ContentView.swift */ = {isa = PBXFileReference; lastKnownFileType = sourcecode.swift; path = ContentView.swift; sourceTree = "<group>"; };
		52A0B33E2EDD318C0094E9F1 /* Assets.xcassets */ = {isa = PBXFileReference; lastKnownFileType = folder.assetcatalog; path = Assets.xcassets; sourceTree = "<group>"; };
		52A0B3412EDD318C0094E9F1 /* Preview Assets.xcassets */ = {isa = PBXFileReference; lastKnownFileType = folder.assetcatalog; path = "Preview Assets.xcassets"; sourceTree = "<group>"; };
		52A0B3432EDD318C0094E9F1 /* MaxIsland.entitlements */ = {isa = PBXFileReference; lastKnownFileType = text.plist.entitlements; path = MaxIsland.entitlements; sourceTree = "<group>"; };
		52A0B3482EDD318C0094E9F1 /* MaxIslandTests.xctest */ = {isa = PBXFileReference; explicitFileType = wrapper.cfbundle; includeInIndex = 0; path = MaxIslandTests.xctest; sourceTree = BUILT_PRODUCTS_DIR; };
		52A0B34C2EDD318C0094E9F1 /* MaxIslandTests.swift */ = {isa = PBXFileReference; lastKnownFileType = sourcecode.swift; path = MaxIslandTests.swift; sourceTree = "<group>"; };
		52A0B3522EDD318C0094E9F1 /* MaxIslandUITests.xctest */ = {isa = PBXFileReference; explicitFileType = wrapper.cfbundle; includeInIndex = 0; path = MaxIslandUITests.xctest; sourceTree = BUILT_PRODUCTS_DIR; };
		52A0B3562EDD318C0094E9F1 /* MaxIslandUITests.swift */ = {isa = PBXFileReference; lastKnownFileType = sourcecode.swift; path = MaxIslandUITests.swift; sourceTree = "<group>"; };
		52A0B3582EDD318C0094E9F1 /* MaxIslandUITestsLaunchTests.swift */ = {isa = PBXFileReference; lastKnownFileType = sourcecode.swift; path = MaxIslandUITestsLaunchTests.swift; sourceTree = "<group>"; };
		52A0B36B2EDD33CE0094E9F1 /* IslandContent.swift */ = {isa = PBXFileReference; lastKnownFileType = sourcecode.swift; path = IslandContent.swift; sourceTree = "<group>"; };
		52A932D92EDD39D500E4DE14 /* CompactView.swift */ = {isa = PBXFileReference; lastKnownFileType = sourcecode.swift; path = CompactView.swift; sourceTree = "<group>"; };
		52A932DB2EDD39EA00E4DE14 /* ExpandedView.swift */ = {isa = PBXFileReference; lastKnownFileType = sourcecode.swift; path = ExpandedView.swift; sourceTree = "<group>"; };
		52A932DF2EDD3AE100E4DE14 /* DynamicIsland.swift */ = {isa = PBXFileReference; lastKnownFileType = sourcecode.swift; path = DynamicIsland.swift; sourceTree = "<group>"; };
		52A932E12EDD3CA600E4DE14 /* NotchWindowController.swift */ = {isa = PBXFileReference; lastKnownFileType = sourcecode.swift; path = NotchWindowController.swift; sourceTree = "<group>"; };
		52A932E62EDDA9ED00E4DE14 /* ChatMessage.swift */ = {isa = PBXFileReference; lastKnownFileType = sourcecode.swift; path = ChatMessage.swift; sourceTree = "<group>"; };
		52A932E82EDE844100E4DE14 /* ChatInput.swift */ = {isa = PBXFileReference; lastKnownFileType = sourcecode.swift; path = ChatInput.swift; sourceTree = "<group>"; };
		52A932EA2EDE943F00E4DE14 /* NotchShape.swift */ = {isa = PBXFileReference; lastKnownFileType = sourcecode.swift; path = NotchShape.swift; sourceTree = "<group>"; };
		52A932EC2EDED01C00E4DE14 /* Config.swift .swift */ = {isa = PBXFileReference; lastKnownFileType = sourcecode.swift; path = "Config.swift .swift"; sourceTree = "<group>"; };
		52A932EE2EDED31600E4DE14 /* ChatApiService.swift */ = {isa = PBXFileReference; lastKnownFileType = sourcecode.swift; path = ChatApiService.swift; sourceTree = "<group>"; };
		52A932F02EDED34E00E4DE14 /* ChatModel.swift */ = {isa = PBXFileReference; lastKnownFileType = sourcecode.swift; path = ChatModel.swift; sourceTree = "<group>"; };
		52A932F22EDED3A700E4DE14 /* ChatViewModel.swift */ = {isa = PBXFileReference; lastKnownFileType = sourcecode.swift; path = ChatViewModel.swift; sourceTree = "<group>"; };
		52A932F42EDED3D300E4DE14 /* MessageBubble.swift */ = {isa = PBXFileReference; lastKnownFileType = sourcecode.swift; path = MessageBubble.swift; sourceTree = "<group>"; };
		52A932F62EDED40300E4DE14 /* ErrorView.swift */ = {isa = PBXFileReference; lastKnownFileType = sourcecode.swift; path = ErrorView.swift; sourceTree = "<group>"; };
		52A932F82EDED41A00E4DE14 /* LoadingView.swift  .swift */ = {isa = PBXFileReference; lastKnownFileType = sourcecode.swift; path = "LoadingView.swift  .swift"; sourceTree = "<group>"; };
		52A932FA2EDEDA9D00E4DE14 /* Info.plist */ = {isa = PBXFileReference; lastKnownFileType = text.plist; path = Info.plist; sourceTree = "<group>"; };
		69E8E7182EE69FFA005280B4 /* ThemeManager.swift */ = {isa = PBXFileReference; lastKnownFileType = sourcecode.swift; path = ThemeManager.swift; sourceTree = "<group>"; };
/* End PBXFileReference section */

/* Begin PBXFileSystemSynchronizedRootGroup section */
		69E8E71A2EE6A0AC005280B4 /* Theme */ = {isa = PBXFileSystemSynchronizedRootGroup; explicitFileTypes = {}; explicitFolders = (); path = Theme; sourceTree = "<group>"; };
/* End PBXFileSystemSynchronizedRootGroup section */

/* Begin PBXFrameworksBuildPhase section */
		52A0B3342EDD318A0094E9F1 /* Frameworks */ = {
			isa = PBXFrameworksBuildPhase;
			buildActionMask = 2147483647;
			files = (
				52A932FD2EDEF73800E4DE14 /* MarkdownUI in Frameworks */,
			);
			runOnlyForDeploymentPostprocessing = 0;
		};
		52A0B3452EDD318C0094E9F1 /* Frameworks */ = {
			isa = PBXFrameworksBuildPhase;
			buildActionMask = 2147483647;
			files = (
			);
			runOnlyForDeploymentPostprocessing = 0;
		};
		52A0B34F2EDD318C0094E9F1 /* Frameworks */ = {
			isa = PBXFrameworksBuildPhase;
			buildActionMask = 2147483647;
			files = (
			);
			runOnlyForDeploymentPostprocessing = 0;
		};
/* End PBXFrameworksBuildPhase section */

/* Begin PBXGroup section */
		5271F3612EEA601100A0B4B5 /* Skeletons */ = {
			isa = PBXGroup;
			children = (
				5271F35F2EEA601100A0B4B5 /* SkeletonChatInput.swift */,
				5271F3602EEA601100A0B4B5 /* SkeletonMessageBubble.swift */,
			);
			path = Skeletons;
			sourceTree = "<group>";
		};
		5271F36A2EEA759C00A0B4B5 /* Settings */ = {
			isa = PBXGroup;
			children = (
				5271F36C2EEA7D6700A0B4B5 /* SettingSidebar.swift */,
			);
			path = Settings;
			sourceTree = "<group>";
		};
		5271F36B2EEA75C000A0B4B5 /* Chat */ = {
			isa = PBXGroup;
			children = (
				52A932E62EDDA9ED00E4DE14 /* ChatMessage.swift */,
				52A932E82EDE844100E4DE14 /* ChatInput.swift */,
				52A932F42EDED3D300E4DE14 /* MessageBubble.swift */,
				52A932F62EDED40300E4DE14 /* ErrorView.swift */,
				52A932F82EDED41A00E4DE14 /* LoadingView.swift  .swift */,
			);
			path = Chat;
			sourceTree = "<group>";
		};
		528EA6002EE140C700C37845 /* Managers */ = {
			isa = PBXGroup;
			children = (
				5271F35D2EEA5FDD00A0B4B5 /* IslandStateManager.swift */,
				528EA6012EE140D500C37845 /* ChatStorageManager.swift */,
				69E8E7182EE69FFA005280B4 /* ThemeManager.swift */,
			);
			path = Managers;
			sourceTree = "<group>";
		};
		528EA6032EE17F8D00C37845 /* Hooks */ = {
			isa = PBXGroup;
			children = (
				528EA6042EE17FA700C37845 /* KeybindHook.swift */,
			);
			path = Hooks;
			sourceTree = "<group>";
		};
		52A0B32E2EDD318A0094E9F1 = {
			isa = PBXGroup;
			children = (
				52A0B3392EDD318A0094E9F1 /* MaxIsland */,
				52A0B34B2EDD318C0094E9F1 /* MaxIslandTests */,
				52A0B3552EDD318C0094E9F1 /* MaxIslandUITests */,
				52A0B3382EDD318A0094E9F1 /* Products */,
			);
			sourceTree = "<group>";
		};
		52A0B3382EDD318A0094E9F1 /* Products */ = {
			isa = PBXGroup;
			children = (
				52A0B3372EDD318A0094E9F1 /* MaxIsland.app */,
				52A0B3482EDD318C0094E9F1 /* MaxIslandTests.xctest */,
				52A0B3522EDD318C0094E9F1 /* MaxIslandUITests.xctest */,
			);
			name = Products;
			sourceTree = "<group>";
		};
		52A0B3392EDD318A0094E9F1 /* MaxIsland */ = {
			isa = PBXGroup;
			children = (
				69E8E71A2EE6A0AC005280B4 /* Theme */,
				528EA6032EE17F8D00C37845 /* Hooks */,
				528EA6002EE140C700C37845 /* Managers */,
				52A932FA2EDEDA9D00E4DE14 /* Info.plist */,
				52A0B36A2EDD334F0094E9F1 /* Utilities */,
				52A0B3692EDD33460094E9F1 /* Services */,
				52A0B3682EDD33390094E9F1 /* Views */,
				52A0B3672EDD332E0094E9F1 /* ViewModels */,
				52A0B3662EDD33100094E9F1 /* Models */,
				52A0B33A2EDD318A0094E9F1 /* MaxIslandApp.swift */,
				52A0B33C2EDD318A0094E9F1 /* ContentView.swift */,
				52A0B33E2EDD318C0094E9F1 /* Assets.xcassets */,
				52A0B3432EDD318C0094E9F1 /* MaxIsland.entitlements */,
				52A0B3402EDD318C0094E9F1 /* Preview Content */,
				52A932EC2EDED01C00E4DE14 /* Config.swift .swift */,
			);
			path = MaxIsland;
			sourceTree = "<group>";
		};
		52A0B3402EDD318C0094E9F1 /* Preview Content */ = {
			isa = PBXGroup;
			children = (
				52A0B3412EDD318C0094E9F1 /* Preview Assets.xcassets */,
			);
			path = "Preview Content";
			sourceTree = "<group>";
		};
		52A0B34B2EDD318C0094E9F1 /* MaxIslandTests */ = {
			isa = PBXGroup;
			children = (
				52A0B34C2EDD318C0094E9F1 /* MaxIslandTests.swift */,
			);
			path = MaxIslandTests;
			sourceTree = "<group>";
		};
		52A0B3552EDD318C0094E9F1 /* MaxIslandUITests */ = {
			isa = PBXGroup;
			children = (
				52A0B3562EDD318C0094E9F1 /* MaxIslandUITests.swift */,
				52A0B3582EDD318C0094E9F1 /* MaxIslandUITestsLaunchTests.swift */,
			);
			path = MaxIslandUITests;
			sourceTree = "<group>";
		};
		52A0B3662EDD33100094E9F1 /* Models */ = {
			isa = PBXGroup;
			children = (
				52A0B36B2EDD33CE0094E9F1 /* IslandContent.swift */,
				52A932F02EDED34E00E4DE14 /* ChatModel.swift */,
			);
			path = Models;
			sourceTree = "<group>";
		};
		52A0B3672EDD332E0094E9F1 /* ViewModels */ = {
			isa = PBXGroup;
			children = (
				52A932F22EDED3A700E4DE14 /* ChatViewModel.swift */,
			);
			path = ViewModels;
			sourceTree = "<group>";
		};
		52A0B3682EDD33390094E9F1 /* Views */ = {
			isa = PBXGroup;
			children = (
				5271F3762EEA830A00A0B4B5 /* AboutSettingView.swift */,
				5271F3742EEA82FD00A0B4B5 /* AdvancedSettingView.swift */,
				5271F3722EEA82F300A0B4B5 /* NotificationsSettingView.swift */,
				5271F3702EEA82E900A0B4B5 /* GeneralSettingView.swift */,
				5271F36E2EEA7F8A00A0B4B5 /* AppearanceSettingView.swift */,
				52A932D92EDD39D500E4DE14 /* CompactView.swift */,
				52A932DB2EDD39EA00E4DE14 /* ExpandedView.swift */,
				52A932DF2EDD3AE100E4DE14 /* DynamicIsland.swift */,
				5271F3642EEA69BD00A0B4B5 /* SettingView.swift */,
				52A0B36F2EDD33FA0094E9F1 /* Components */,
			);
			path = Views;
			sourceTree = "<group>";
		};
		52A0B3692EDD33460094E9F1 /* Services */ = {
			isa = PBXGroup;
			children = (
				52A932EE2EDED31600E4DE14 /* ChatApiService.swift */,
			);
			path = Services;
			sourceTree = "<group>";
		};
		52A0B36A2EDD334F0094E9F1 /* Utilities */ = {
			isa = PBXGroup;
			children = (
				5271F3662EEA70B200A0B4B5 /* SettingWindowController.swift */,
				52A932E12EDD3CA600E4DE14 /* NotchWindowController.swift */,
			);
			path = Utilities;
			sourceTree = "<group>";
		};
		52A0B36F2EDD33FA0094E9F1 /* Components */ = {
			isa = PBXGroup;
			children = (
				5271F36B2EEA75C000A0B4B5 /* Chat */,
				5271F36A2EEA759C00A0B4B5 /* Settings */,
				52A932E52EDD421900E4DE14 /* Shapes */,
				5271F3612EEA601100A0B4B5 /* Skeletons */,
			);
			path = Components;
			sourceTree = "<group>";
		};
		52A932E52EDD421900E4DE14 /* Shapes */ = {
			isa = PBXGroup;
			children = (
				52A932EA2EDE943F00E4DE14 /* NotchShape.swift */,
			);
			path = Shapes;
			sourceTree = "<group>";
		};
/* End PBXGroup section */

/* Begin PBXNativeTarget section */
		52A0B3362EDD318A0094E9F1 /* MaxIsland */ = {
			isa = PBXNativeTarget;
			buildConfigurationList = 52A0B35C2EDD318C0094E9F1 /* Build configuration list for PBXNativeTarget "MaxIsland" */;
			buildPhases = (
				52A0B3332EDD318A0094E9F1 /* Sources */,
				52A0B3342EDD318A0094E9F1 /* Frameworks */,
				52A0B3352EDD318A0094E9F1 /* Resources */,
			);
			buildRules = (
			);
			dependencies = (
			);
			fileSystemSynchronizedGroups = (
				69E8E71A2EE6A0AC005280B4 /* Theme */,
			);
			name = MaxIsland;
			packageProductDependencies = (
				52A932FC2EDEF73800E4DE14 /* MarkdownUI */,
			);
			productName = MaxIsland;
			productReference = 52A0B3372EDD318A0094E9F1 /* MaxIsland.app */;
			productType = "com.apple.product-type.application";
		};
		52A0B3472EDD318C0094E9F1 /* MaxIslandTests */ = {
			isa = PBXNativeTarget;
			buildConfigurationList = 52A0B35F2EDD318C0094E9F1 /* Build configuration list for PBXNativeTarget "MaxIslandTests" */;
			buildPhases = (
				52A0B3442EDD318C0094E9F1 /* Sources */,
				52A0B3452EDD318C0094E9F1 /* Frameworks */,
				52A0B3462EDD318C0094E9F1 /* Resources */,
			);
			buildRules = (
			);
			dependencies = (
				52A0B34A2EDD318C0094E9F1 /* PBXTargetDependency */,
			);
			name = MaxIslandTests;
			productName = MaxIslandTests;
			productReference = 52A0B3482EDD318C0094E9F1 /* MaxIslandTests.xctest */;
			productType = "com.apple.product-type.bundle.unit-test";
		};
		52A0B3512EDD318C0094E9F1 /* MaxIslandUITests */ = {
			isa = PBXNativeTarget;
			buildConfigurationList = 52A0B3622EDD318C0094E9F1 /* Build configuration list for PBXNativeTarget "MaxIslandUITests" */;
			buildPhases = (
				52A0B34E2EDD318C0094E9F1 /* Sources */,
				52A0B34F2EDD318C0094E9F1 /* Frameworks */,
				52A0B3502EDD318C0094E9F1 /* Resources */,
			);
			buildRules = (
			);
			dependencies = (
				52A0B3542EDD318C0094E9F1 /* PBXTargetDependency */,
			);
			name = MaxIslandUITests;
			productName = MaxIslandUITests;
			productReference = 52A0B3522EDD318C0094E9F1 /* MaxIslandUITests.xctest */;
			productType = "com.apple.product-type.bundle.ui-testing";
		};
/* End PBXNativeTarget section */

/* Begin PBXProject section */
		52A0B32F2EDD318A0094E9F1 /* Project object */ = {
			isa = PBXProject;
			attributes = {
				BuildIndependentTargetsInParallel = 1;
				LastSwiftUpdateCheck = 1500;
				LastUpgradeCheck = 1500;
				TargetAttributes = {
					52A0B3362EDD318A0094E9F1 = {
						CreatedOnToolsVersion = 15.0.1;
					};
					52A0B3472EDD318C0094E9F1 = {
						CreatedOnToolsVersion = 15.0.1;
						TestTargetID = 52A0B3362EDD318A0094E9F1;
					};
					52A0B3512EDD318C0094E9F1 = {
						CreatedOnToolsVersion = 15.0.1;
						TestTargetID = 52A0B3362EDD318A0094E9F1;
					};
				};
			};
			buildConfigurationList = 52A0B3322EDD318A0094E9F1 /* Build configuration list for PBXProject "MaxIsland" */;
			compatibilityVersion = "Xcode 14.0";
			developmentRegion = en;
			hasScannedForEncodings = 0;
			knownRegions = (
				en,
				Base,
			);
			mainGroup = 52A0B32E2EDD318A0094E9F1;
			packageReferences = (
				52A932FB2EDEF73800E4DE14 /* XCRemoteSwiftPackageReference "swift-markdown-ui" */,
			);
			productRefGroup = 52A0B3382EDD318A0094E9F1 /* Products */;
			projectDirPath = "";
			projectRoot = "";
			targets = (
				52A0B3362EDD318A0094E9F1 /* MaxIsland */,
				52A0B3472EDD318C0094E9F1 /* MaxIslandTests */,
				52A0B3512EDD318C0094E9F1 /* MaxIslandUITests */,
			);
		};
/* End PBXProject section */

/* Begin PBXResourcesBuildPhase section */
		52A0B3352EDD318A0094E9F1 /* Resources */ = {
			isa = PBXResourcesBuildPhase;
			buildActionMask = 2147483647;
			files = (
				52A0B3422EDD318C0094E9F1 /* Preview Assets.xcassets in Resources */,
				52A0B33F2EDD318C0094E9F1 /* Assets.xcassets in Resources */,
			);
			runOnlyForDeploymentPostprocessing = 0;
		};
		52A0B3462EDD318C0094E9F1 /* Resources */ = {
			isa = PBXResourcesBuildPhase;
			buildActionMask = 2147483647;
			files = (
			);
			runOnlyForDeploymentPostprocessing = 0;
		};
		52A0B3502EDD318C0094E9F1 /* Resources */ = {
			isa = PBXResourcesBuildPhase;
			buildActionMask = 2147483647;
			files = (
			);
			runOnlyForDeploymentPostprocessing = 0;
		};
/* End PBXResourcesBuildPhase section */

/* Begin PBXSourcesBuildPhase section */
		52A0B3332EDD318A0094E9F1 /* Sources */ = {
			isa = PBXSourcesBuildPhase;
			buildActionMask = 2147483647;
			files = (
				52A932EF2EDED31600E4DE14 /* ChatApiService.swift in Sources */,
				52A932E72EDDA9ED00E4DE14 /* ChatMessage.swift in Sources */,
				5271F3672EEA70BF00A0B4B5 /* SettingWindowController.swift in Sources */,
				52A932DC2EDD39EA00E4DE14 /* ExpandedView.swift in Sources */,
				5271F3772EEA830E00A0B4B5 /* AboutSettingView.swift in Sources */,
				528EA6052EE17FA700C37845 /* KeybindHook.swift in Sources */,
				52A932F12EDED34E00E4DE14 /* ChatModel.swift in Sources */,
				52A932F72EDED40300E4DE14 /* ErrorView.swift in Sources */,
				52A0B33D2EDD318A0094E9F1 /* ContentView.swift in Sources */,
				5271F3712EEA82EC00A0B4B5 /* GeneralSettingView.swift in Sources */,
				52A932ED2EDED01C00E4DE14 /* Config.swift .swift in Sources */,
				52A0B33B2EDD318A0094E9F1 /* MaxIslandApp.swift in Sources */,
				528EA6022EE140D500C37845 /* ChatStorageManager.swift in Sources */,
				52A0B36C2EDD33CE0094E9F1 /* IslandContent.swift in Sources */,
				5271F3752EEA830100A0B4B5 /* AdvancedSettingView.swift in Sources */,
				52A932E02EDD3AE100E4DE14 /* DynamicIsland.swift in Sources */,
				5271F36D2EEA7D6700A0B4B5 /* SettingSidebar.swift in Sources */,
				5271F36F2EEA7F8A00A0B4B5 /* AppearanceSettingView.swift in Sources */,
				5271F35E2EEA5FDD00A0B4B5 /* IslandStateManager.swift in Sources */,
				52A932EB2EDE943F00E4DE14 /* NotchShape.swift in Sources */,
				52A932F92EDED41A00E4DE14 /* LoadingView.swift  .swift in Sources */,
				52A932DA2EDD39D500E4DE14 /* CompactView.swift in Sources */,
				52A932E92EDE844100E4DE14 /* ChatInput.swift in Sources */,
				5271F3732EEA82F600A0B4B5 /* NotificationsSettingView.swift in Sources */,
				5271F3622EEA601100A0B4B5 /* SkeletonMessageBubble.swift in Sources */,
				5271F3632EEA601100A0B4B5 /* SkeletonChatInput.swift in Sources */,
				5271F3652EEA69BD00A0B4B5 /* SettingView.swift in Sources */,
				52A932F32EDED3A700E4DE14 /* ChatViewModel.swift in Sources */,
				52A932E22EDD3CA600E4DE14 /* NotchWindowController.swift in Sources */,
				52A932F52EDED3D300E4DE14 /* MessageBubble.swift in Sources */,
				69E8E7192EE69FFA005280B4 /* ThemeManager.swift in Sources */,
			);
			runOnlyForDeploymentPostprocessing = 0;
		};
		52A0B3442EDD318C0094E9F1 /* Sources */ = {
			isa = PBXSourcesBuildPhase;
			buildActionMask = 2147483647;
			files = (
				52A0B34D2EDD318C0094E9F1 /* MaxIslandTests.swift in Sources */,
			);
			runOnlyForDeploymentPostprocessing = 0;
		};
		52A0B34E2EDD318C0094E9F1 /* Sources */ = {
			isa = PBXSourcesBuildPhase;
			buildActionMask = 2147483647;
			files = (
				52A0B3592EDD318C0094E9F1 /* MaxIslandUITestsLaunchTests.swift in Sources */,
				52A0B3572EDD318C0094E9F1 /* MaxIslandUITests.swift in Sources */,
			);
			runOnlyForDeploymentPostprocessing = 0;
		};
/* End PBXSourcesBuildPhase section */

/* Begin PBXTargetDependency section */
		52A0B34A2EDD318C0094E9F1 /* PBXTargetDependency */ = {
			isa = PBXTargetDependency;
			target = 52A0B3362EDD318A0094E9F1 /* MaxIsland */;
			targetProxy = 52A0B3492EDD318C0094E9F1 /* PBXContainerItemProxy */;
		};
		52A0B3542EDD318C0094E9F1 /* PBXTargetDependency */ = {
			isa = PBXTargetDependency;
			target = 52A0B3362EDD318A0094E9F1 /* MaxIsland */;
			targetProxy = 52A0B3532EDD318C0094E9F1 /* PBXContainerItemProxy */;
		};
/* End PBXTargetDependency section */

/* Begin XCBuildConfiguration section */
		52A0B35A2EDD318C0094E9F1 /* Debug */ = {
			isa = XCBuildConfiguration;
			buildSettings = {
				ALWAYS_SEARCH_USER_PATHS = NO;
				ASSETCATALOG_COMPILER_GENERATE_SWIFT_ASSET_SYMBOL_EXTENSIONS = YES;
				CLANG_ANALYZER_NONNULL = YES;
				CLANG_ANALYZER_NUMBER_OBJECT_CONVERSION = YES_AGGRESSIVE;
				CLANG_CXX_LANGUAGE_STANDARD = "gnu++20";
				CLANG_ENABLE_MODULES = YES;
				CLANG_ENABLE_OBJC_ARC = YES;
				CLANG_ENABLE_OBJC_WEAK = YES;
				CLANG_WARN_BLOCK_CAPTURE_AUTORELEASING = YES;
				CLANG_WARN_BOOL_CONVERSION = YES;
				CLANG_WARN_COMMA = YES;
				CLANG_WARN_CONSTANT_CONVERSION = YES;
				CLANG_WARN_DEPRECATED_OBJC_IMPLEMENTATIONS = YES;
				CLANG_WARN_DIRECT_OBJC_ISA_USAGE = YES_ERROR;
				CLANG_WARN_DOCUMENTATION_COMMENTS = YES;
				CLANG_WARN_EMPTY_BODY = YES;
				CLANG_WARN_ENUM_CONVERSION = YES;
				CLANG_WARN_INFINITE_RECURSION = YES;
				CLANG_WARN_INT_CONVERSION = YES;
				CLANG_WARN_NON_LITERAL_NULL_CONVERSION = YES;
				CLANG_WARN_OBJC_IMPLICIT_RETAIN_SELF = YES;
				CLANG_WARN_OBJC_LITERAL_CONVERSION = YES;
				CLANG_WARN_OBJC_ROOT_CLASS = YES_ERROR;
				CLANG_WARN_QUOTED_INCLUDE_IN_FRAMEWORK_HEADER = YES;
				CLANG_WARN_RANGE_LOOP_ANALYSIS = YES;
				CLANG_WARN_STRICT_PROTOTYPES = YES;
				CLANG_WARN_SUSPICIOUS_MOVE = YES;
				CLANG_WARN_UNGUARDED_AVAILABILITY = YES_AGGRESSIVE;
				CLANG_WARN_UNREACHABLE_CODE = YES;
				CLANG_WARN__DUPLICATE_METHOD_MATCH = YES;
				COPY_PHASE_STRIP = NO;
				DEBUG_INFORMATION_FORMAT = dwarf;
				ENABLE_STRICT_OBJC_MSGSEND = YES;
				ENABLE_TESTABILITY = YES;
				ENABLE_USER_SCRIPT_SANDBOXING = YES;
				GCC_C_LANGUAGE_STANDARD = gnu17;
				GCC_DYNAMIC_NO_PIC = NO;
				GCC_NO_COMMON_BLOCKS = YES;
				GCC_OPTIMIZATION_LEVEL = 0;
				GCC_PREPROCESSOR_DEFINITIONS = (
					"DEBUG=1",
					"$(inherited)",
				);
				GCC_WARN_64_TO_32_BIT_CONVERSION = YES;
				GCC_WARN_ABOUT_RETURN_TYPE = YES_ERROR;
				GCC_WARN_UNDECLARED_SELECTOR = YES;
				GCC_WARN_UNINITIALIZED_AUTOS = YES_AGGRESSIVE;
				GCC_WARN_UNUSED_FUNCTION = YES;
				GCC_WARN_UNUSED_VARIABLE = YES;
				LOCALIZATION_PREFERS_STRING_CATALOGS = YES;
				MACOSX_DEPLOYMENT_TARGET = 14.0;
				MTL_ENABLE_DEBUG_INFO = INCLUDE_SOURCE;
				MTL_FAST_MATH = YES;
				ONLY_ACTIVE_ARCH = YES;
				SDKROOT = macosx;
				SWIFT_ACTIVE_COMPILATION_CONDITIONS = "DEBUG $(inherited)";
				SWIFT_OPTIMIZATION_LEVEL = "-Onone";
			};
			name = Debug;
		};
		52A0B35B2EDD318C0094E9F1 /* Release */ = {
			isa = XCBuildConfiguration;
			buildSettings = {
				ALWAYS_SEARCH_USER_PATHS = NO;
				ASSETCATALOG_COMPILER_GENERATE_SWIFT_ASSET_SYMBOL_EXTENSIONS = YES;
				CLANG_ANALYZER_NONNULL = YES;
				CLANG_ANALYZER_NUMBER_OBJECT_CONVERSION = YES_AGGRESSIVE;
				CLANG_CXX_LANGUAGE_STANDARD = "gnu++20";
				CLANG_ENABLE_MODULES = YES;
				CLANG_ENABLE_OBJC_ARC = YES;
				CLANG_ENABLE_OBJC_WEAK = YES;
				CLANG_WARN_BLOCK_CAPTURE_AUTORELEASING = YES;
				CLANG_WARN_BOOL_CONVERSION = YES;
				CLANG_WARN_COMMA = YES;
				CLANG_WARN_CONSTANT_CONVERSION = YES;
				CLANG_WARN_DEPRECATED_OBJC_IMPLEMENTATIONS = YES;
				CLANG_WARN_DIRECT_OBJC_ISA_USAGE = YES_ERROR;
				CLANG_WARN_DOCUMENTATION_COMMENTS = YES;
				CLANG_WARN_EMPTY_BODY = YES;
				CLANG_WARN_ENUM_CONVERSION = YES;
				CLANG_WARN_INFINITE_RECURSION = YES;
				CLANG_WARN_INT_CONVERSION = YES;
				CLANG_WARN_NON_LITERAL_NULL_CONVERSION = YES;
				CLANG_WARN_OBJC_IMPLICIT_RETAIN_SELF = YES;
				CLANG_WARN_OBJC_LITERAL_CONVERSION = YES;
				CLANG_WARN_OBJC_ROOT_CLASS = YES_ERROR;
				CLANG_WARN_QUOTED_INCLUDE_IN_FRAMEWORK_HEADER = YES;
				CLANG_WARN_RANGE_LOOP_ANALYSIS = YES;
				CLANG_WARN_STRICT_PROTOTYPES = YES;
				CLANG_WARN_SUSPICIOUS_MOVE = YES;
				CLANG_WARN_UNGUARDED_AVAILABILITY = YES_AGGRESSIVE;
				CLANG_WARN_UNREACHABLE_CODE = YES;
				CLANG_WARN__DUPLICATE_METHOD_MATCH = YES;
				COPY_PHASE_STRIP = NO;
				DEBUG_INFORMATION_FORMAT = "dwarf-with-dsym";
				ENABLE_NS_ASSERTIONS = NO;
				ENABLE_STRICT_OBJC_MSGSEND = YES;
				ENABLE_USER_SCRIPT_SANDBOXING = YES;
				GCC_C_LANGUAGE_STANDARD = gnu17;
				GCC_NO_COMMON_BLOCKS = YES;
				GCC_WARN_64_TO_32_BIT_CONVERSION = YES;
				GCC_WARN_ABOUT_RETURN_TYPE = YES_ERROR;
				GCC_WARN_UNDECLARED_SELECTOR = YES;
				GCC_WARN_UNINITIALIZED_AUTOS = YES_AGGRESSIVE;
				GCC_WARN_UNUSED_FUNCTION = YES;
				GCC_WARN_UNUSED_VARIABLE = YES;
				LOCALIZATION_PREFERS_STRING_CATALOGS = YES;
				MACOSX_DEPLOYMENT_TARGET = 14.0;
				MTL_ENABLE_DEBUG_INFO = NO;
				MTL_FAST_MATH = YES;
				SDKROOT = macosx;
				SWIFT_COMPILATION_MODE = wholemodule;
			};
			name = Release;
		};
		52A0B35D2EDD318C0094E9F1 /* Debug */ = {
			isa = XCBuildConfiguration;
			buildSettings = {
				ASSETCATALOG_COMPILER_APPICON_NAME = AppIcon;
				ASSETCATALOG_COMPILER_GLOBAL_ACCENT_COLOR_NAME = AccentColor;
				CODE_SIGN_ENTITLEMENTS = MaxIsland/MaxIsland.entitlements;
				CODE_SIGN_STYLE = Automatic;
				COMBINE_HIDPI_IMAGES = YES;
				CURRENT_PROJECT_VERSION = 1;
				DEVELOPMENT_ASSET_PATHS = "\"MaxIsland/Preview Content\"";
				ENABLE_PREVIEWS = YES;
				GENERATE_INFOPLIST_FILE = YES;
				INFOPLIST_FILE = MaxIsland/Info.plist;
				INFOPLIST_KEY_NSHumanReadableCopyright = "";
				LD_RUNPATH_SEARCH_PATHS = (
					"$(inherited)",
					"@executable_path/../Frameworks",
				);
				MACOSX_DEPLOYMENT_TARGET = 26.0;
				MARKETING_VERSION = 1.0;
				PRODUCT_BUNDLE_IDENTIFIER = ArisuSak.MaxIsland;
				PRODUCT_NAME = "$(TARGET_NAME)";
				SWIFT_EMIT_LOC_STRINGS = YES;
				SWIFT_VERSION = 5.0;
			};
			name = Debug;
		};
		52A0B35E2EDD318C0094E9F1 /* Release */ = {
			isa = XCBuildConfiguration;
			buildSettings = {
				ASSETCATALOG_COMPILER_APPICON_NAME = AppIcon;
				ASSETCATALOG_COMPILER_GLOBAL_ACCENT_COLOR_NAME = AccentColor;
				CODE_SIGN_ENTITLEMENTS = MaxIsland/MaxIsland.entitlements;
				CODE_SIGN_STYLE = Automatic;
				COMBINE_HIDPI_IMAGES = YES;
				CURRENT_PROJECT_VERSION = 1;
				DEVELOPMENT_ASSET_PATHS = "\"MaxIsland/Preview Content\"";
				ENABLE_PREVIEWS = YES;
				GENERATE_INFOPLIST_FILE = YES;
				INFOPLIST_FILE = MaxIsland/Info.plist;
				INFOPLIST_KEY_NSHumanReadableCopyright = "";
				LD_RUNPATH_SEARCH_PATHS = (
					"$(inherited)",
					"@executable_path/../Frameworks",
				);
				MACOSX_DEPLOYMENT_TARGET = 26.0;
				MARKETING_VERSION = 1.0;
				PRODUCT_BUNDLE_IDENTIFIER = ArisuSak.MaxIsland;
				PRODUCT_NAME = "$(TARGET_NAME)";
				SWIFT_EMIT_LOC_STRINGS = YES;
				SWIFT_VERSION = 5.0;
			};
			name = Release;
		};
		52A0B3602EDD318C0094E9F1 /* Debug */ = {
			isa = XCBuildConfiguration;
			buildSettings = {
				ALWAYS_EMBED_SWIFT_STANDARD_LIBRARIES = YES;
				BUNDLE_LOADER = "$(TEST_HOST)";
				CODE_SIGN_STYLE = Automatic;
				CURRENT_PROJECT_VERSION = 1;
				GENERATE_INFOPLIST_FILE = YES;
				MACOSX_DEPLOYMENT_TARGET = 14.0;
				MARKETING_VERSION = 1.0;
				PRODUCT_BUNDLE_IDENTIFIER = ArisuSak.MaxIslandTests;
				PRODUCT_NAME = "$(TARGET_NAME)";
				SWIFT_EMIT_LOC_STRINGS = NO;
				SWIFT_VERSION = 5.0;
				TEST_HOST = "$(BUILT_PRODUCTS_DIR)/MaxIsland.app/$(BUNDLE_EXECUTABLE_FOLDER_PATH)/MaxIsland";
			};
			name = Debug;
		};
		52A0B3612EDD318C0094E9F1 /* Release */ = {
			isa = XCBuildConfiguration;
			buildSettings = {
				ALWAYS_EMBED_SWIFT_STANDARD_LIBRARIES = YES;
				BUNDLE_LOADER = "$(TEST_HOST)";
				CODE_SIGN_STYLE = Automatic;
				CURRENT_PROJECT_VERSION = 1;
				GENERATE_INFOPLIST_FILE = YES;
				MACOSX_DEPLOYMENT_TARGET = 14.0;
				MARKETING_VERSION = 1.0;
				PRODUCT_BUNDLE_IDENTIFIER = ArisuSak.MaxIslandTests;
				PRODUCT_NAME = "$(TARGET_NAME)";
				SWIFT_EMIT_LOC_STRINGS = NO;
				SWIFT_VERSION = 5.0;
				TEST_HOST = "$(BUILT_PRODUCTS_DIR)/MaxIsland.app/$(BUNDLE_EXECUTABLE_FOLDER_PATH)/MaxIsland";
			};
			name = Release;
		};
		52A0B3632EDD318C0094E9F1 /* Debug */ = {
			isa = XCBuildConfiguration;
			buildSettings = {
				ALWAYS_EMBED_SWIFT_STANDARD_LIBRARIES = YES;
				CODE_SIGN_STYLE = Automatic;
				CURRENT_PROJECT_VERSION = 1;
				GENERATE_INFOPLIST_FILE = YES;
				MARKETING_VERSION = 1.0;
				PRODUCT_BUNDLE_IDENTIFIER = ArisuSak.MaxIslandUITests;
				PRODUCT_NAME = "$(TARGET_NAME)";
				SWIFT_EMIT_LOC_STRINGS = NO;
				SWIFT_VERSION = 5.0;
				TEST_TARGET_NAME = MaxIsland;
			};
			name = Debug;
		};
		52A0B3642EDD318C0094E9F1 /* Release */ = {
			isa = XCBuildConfiguration;
			buildSettings = {
				ALWAYS_EMBED_SWIFT_STANDARD_LIBRARIES = YES;
				CODE_SIGN_STYLE = Automatic;
				CURRENT_PROJECT_VERSION = 1;
				GENERATE_INFOPLIST_FILE = YES;
				MARKETING_VERSION = 1.0;
				PRODUCT_BUNDLE_IDENTIFIER = ArisuSak.MaxIslandUITests;
				PRODUCT_NAME = "$(TARGET_NAME)";
				SWIFT_EMIT_LOC_STRINGS = NO;
				SWIFT_VERSION = 5.0;
				TEST_TARGET_NAME = MaxIsland;
			};
			name = Release;
		};
/* End XCBuildConfiguration section */

/* Begin XCConfigurationList section */
		52A0B3322EDD318A0094E9F1 /* Build configuration list for PBXProject "MaxIsland" */ = {
			isa = XCConfigurationList;
			buildConfigurations = (
				52A0B35A2EDD318C0094E9F1 /* Debug */,
				52A0B35B2EDD318C0094E9F1 /* Release */,
			);
			defaultConfigurationIsVisible = 0;
			defaultConfigurationName = Release;
		};
		52A0B35C2EDD318C0094E9F1 /* Build configuration list for PBXNativeTarget "MaxIsland" */ = {
			isa = XCConfigurationList;
			buildConfigurations = (
				52A0B35D2EDD318C0094E9F1 /* Debug */,
				52A0B35E2EDD318C0094E9F1 /* Release */,
			);
			defaultConfigurationIsVisible = 0;
			defaultConfigurationName = Release;
		};
		52A0B35F2EDD318C0094E9F1 /* Build configuration list for PBXNativeTarget "MaxIslandTests" */ = {
			isa = XCConfigurationList;
			buildConfigurations = (
				52A0B3602EDD318C0094E9F1 /* Debug */,
				52A0B3612EDD318C0094E9F1 /* Release */,
			);
			defaultConfigurationIsVisible = 0;
			defaultConfigurationName = Release;
		};
		52A0B3622EDD318C0094E9F1 /* Build configuration list for PBXNativeTarget "MaxIslandUITests" */ = {
			isa = XCConfigurationList;
			buildConfigurations = (
				52A0B3632EDD318C0094E9F1 /* Debug */,
				52A0B3642EDD318C0094E9F1 /* Release */,
			);
			defaultConfigurationIsVisible = 0;
			defaultConfigurationName = Release;
		};
/* End XCConfigurationList section */

/* Begin XCRemoteSwiftPackageReference section */
		52A932FB2EDEF73800E4DE14 /* XCRemoteSwiftPackageReference "swift-markdown-ui" */ = {
			isa = XCRemoteSwiftPackageReference;
			repositoryURL = "https://github.com/gonzalezreal/swift-markdown-ui";
			requirement = {
				kind = upToNextMajorVersion;
				minimumVersion = 2.4.1;
			};
		};
/* End XCRemoteSwiftPackageReference section */

/* Begin XCSwiftPackageProductDependency section */
		52A932FC2EDEF73800E4DE14 /* MarkdownUI */ = {
			isa = XCSwiftPackageProductDependency;
			package = 52A932FB2EDEF73800E4DE14 /* XCRemoteSwiftPackageReference "swift-markdown-ui" */;
			productName = MarkdownUI;
		};
/* End XCSwiftPackageProductDependency section */
	};
	rootObject = 52A0B32F2EDD318A0094E9F1 /* Project object */;
}
